
Microsoft Visual Studio Solution File, Format Version 12.00
# Visual Studio Version 17
VisualStudioVersion = 17.4.33213.308
MinimumVisualStudioVersion = 10.0.40219.1
Project("{FAE04EC0-301F-11D3-BF4B-00C04F79EFBC}") = "Quiz", "Quiz\Quiz.csproj", "{1E12AEAA-431A-435C-91E1-9336C9A27632}"
EndProject
Global
	GlobalSection(SolutionConfigurationPlatforms) = preSolution
		Debug|Any CPU = Debug|Any CPU
		Release|Any CPU = Release|Any CPU
	EndGlobalSection
	GlobalSection(ProjectConfigurationPlatforms) = postSolution
		{1E12AEAA-431A-435C-91E1-9336C9A27632}.Debug|Any CPU.ActiveCfg = Debug|Any CPU
		{1E12AEAA-431A-435C-91E1-9336C9A27632}.Debug|Any CPU.Build.0 = Debug|Any CPU
		{1E12AEAA-431A-435C-91E1-9336C9A27632}.Release|Any CPU.ActiveCfg = Release|Any CPU
		{1E12AEAA-431A-435C-91E1-9336C9A27632}.Release|Any CPU.Build.0 = Release|Any CPU
	EndGlobalSection
	GlobalSection(SolutionProperties) = preSolution
		HideSolutionNode = FALSE
	EndGlobalSection
	GlobalSection(ExtensibilityGlobals) = postSolution
		SolutionGuid = {7A5A3E90-229E-479F-B4DB-18D720CFDD9E}
	EndGlobalSection
EndGlobal
